
Microsoft Visual Studio Solution File, Format Version 12.00
# Visual Studio 15
VisualStudioVersion = 15.0.28307.489
MinimumVisualStudioVersion = 10.0.40219.1
Project("{FAE04EC0-301F-11D3-BF4B-00C04F79EFBC}") = "CUXamarin.Android", "CUXamarin\CUXamarin.Android\CUXamarin.Android.csproj", "{6149767D-253F-4E56-97E9-804E7161B830}"
EndProject
Project("{FAE04EC0-301F-11D3-BF4B-00C04F79EFBC}") = "CUXamarin.iOS", "CUXamarin\CUXamarin.iOS\CUXamarin.iOS.csproj", "{7C223E2B-B270-4D83-867F-DA47968B4F23}"
EndProject
Project("{9A19103F-16F7-4668-BE54-9A1E7A4F7556}") = "CUXamarin", "CUXamarin\CUXamarin\CUXamarin.csproj", "{52EDA842-CFEC-4F81-BAC5-D1EDE6F1642D}"
EndProject
Project("{FAE04EC0-301F-11D3-BF4B-00C04F79EFBC}") = "MarkupExtensionDemo.Extensions", "MarkupExtensionDemo.Extensions\MarkupExtensionDemo.Extensions.csproj", "{EDCF923C-E5E7-4F53-8FB7-9B3DAC53129A}"
EndProject
Global
	GlobalSection(SolutionConfigurationPlatforms) = preSolution
		Ad-Hoc|Any CPU = Ad-Hoc|Any CPU
		Ad-Hoc|iPhone = Ad-Hoc|iPhone
		Ad-Hoc|iPhoneSimulator = Ad-Hoc|iPhoneSimulator
		AppStore|Any CPU = AppStore|Any CPU
		AppStore|iPhone = AppStore|iPhone
		AppStore|iPhoneSimulator = AppStore|iPhoneSimulator
		Debug|Any CPU = Debug|Any CPU
		Debug|iPhone = Debug|iPhone
		Debug|iPhoneSimulator = Debug|iPhoneSimulator
		Gorilla|Any CPU = Gorilla|Any CPU
		Gorilla|iPhone = Gorilla|iPhone
		Gorilla|iPhoneSimulator = Gorilla|iPhoneSimulator
		Release|Any CPU = Release|Any CPU
		Release|iPhone = Release|iPhone
		Release|iPhoneSimulator = Release|iPhoneSimulator
	EndGlobalSection
	GlobalSection(ProjectConfigurationPlatforms) = postSolution
		{6149767D-253F-4E56-97E9-804E7161B830}.Ad-Hoc|Any CPU.ActiveCfg = Release|Any CPU
		{6149767D-253F-4E56-97E9-804E7161B830}.Ad-Hoc|Any CPU.Build.0 = Release|Any CPU
		{6149767D-253F-4E56-97E9-804E7161B830}.Ad-Hoc|Any CPU.Deploy.0 = Release|Any CPU
		{6149767D-253F-4E56-97E9-804E7161B830}.Ad-Hoc|iPhone.ActiveCfg = Release|Any CPU
		{6149767D-253F-4E56-97E9-804E7161B830}.Ad-Hoc|iPhone.Build.0 = Release|Any CPU
		{6149767D-253F-4E56-97E9-804E7161B830}.Ad-Hoc|iPhone.Deploy.0 = Release|Any CPU
		{6149767D-253F-4E56-97E9-804E7161B830}.Ad-Hoc|iPhoneSimulator.ActiveCfg = Release|Any CPU
		{6149767D-253F-4E56-97E9-804E7161B830}.Ad-Hoc|iPhoneSimulator.Build.0 = Release|Any CPU
		{6149767D-253F-4E56-97E9-804E7161B830}.Ad-Hoc|iPhoneSimulator.Deploy.0 = Release|Any CPU
		{6149767D-253F-4E56-97E9-804E7161B830}.AppStore|Any CPU.ActiveCfg = Release|Any CPU
		{6149767D-253F-4E56-97E9-804E7161B830}.AppStore|Any CPU.Build.0 = Release|Any CPU
		{6149767D-253F-4E56-97E9-804E7161B830}.AppStore|Any CPU.Deploy.0 = Release|Any CPU
		{6149767D-253F-4E56-97E9-804E7161B830}.AppStore|iPhone.ActiveCfg = Release|Any CPU
		{6149767D-253F-4E56-97E9-804E7161B830}.AppStore|iPhone.Build.0 = Release|Any CPU
		{6149767D-253F-4E56-97E9-804E7161B830}.AppStore|iPhone.Deploy.0 = Release|Any CPU
		{6149767D-253F-4E56-97E9-804E7161B830}.AppStore|iPhoneSimulator.ActiveCfg = Release|Any CPU
		{6149767D-253F-4E56-97E9-804E7161B830}.AppStore|iPhoneSimulator.Build.0 = Release|Any CPU
		{6149767D-253F-4E56-97E9-804E7161B830}.AppStore|iPhoneSimulator.Deploy.0 = Release|Any CPU
		{6149767D-253F-4E56-97E9-804E7161B830}.Debug|Any CPU.ActiveCfg = Debug|Any CPU
		{6149767D-253F-4E56-97E9-804E7161B830}.Debug|Any CPU.Build.0 = Debug|Any CPU
		{6149767D-253F-4E56-97E9-804E7161B830}.Debug|Any CPU.Deploy.0 = Debug|Any CPU
		{6149767D-253F-4E56-97E9-804E7161B830}.Debug|iPhone.ActiveCfg = Debug|Any CPU
		{6149767D-253F-4E56-97E9-804E7161B830}.Debug|iPhone.Build.0 = Debug|Any CPU
		{6149767D-253F-4E56-97E9-804E7161B830}.Debug|iPhone.Deploy.0 = Debug|Any CPU
		{6149767D-253F-4E56-97E9-804E7161B830}.Debug|iPhoneSimulator.ActiveCfg = Debug|Any CPU
		{6149767D-253F-4E56-97E9-804E7161B830}.Debug|iPhoneSimulator.Build.0 = Debug|Any CPU
		{6149767D-253F-4E56-97E9-804E7161B830}.Debug|iPhoneSimulator.Deploy.0 = Debug|Any CPU
		{6149767D-253F-4E56-97E9-804E7161B830}.Gorilla|Any CPU.ActiveCfg = Gorilla|Any CPU
		{6149767D-253F-4E56-97E9-804E7161B830}.Gorilla|Any CPU.Build.0 = Gorilla|Any CPU
		{6149767D-253F-4E56-97E9-804E7161B830}.Gorilla|Any CPU.Deploy.0 = Gorilla|Any CPU
		{6149767D-253F-4E56-97E9-804E7161B830}.Gorilla|iPhone.ActiveCfg = Gorilla|Any CPU
		{6149767D-253F-4E56-97E9-804E7161B830}.Gorilla|iPhone.Build.0 = Gorilla|Any CPU
		{6149767D-253F-4E56-97E9-804E7161B830}.Gorilla|iPhone.Deploy.0 = Gorilla|Any CPU
		{6149767D-253F-4E56-97E9-804E7161B830}.Gorilla|iPhoneSimulator.ActiveCfg = Gorilla|Any CPU
		{6149767D-253F-4E56-97E9-804E7161B830}.Gorilla|iPhoneSimulator.Build.0 = Gorilla|Any CPU
		{6149767D-253F-4E56-97E9-804E7161B830}.Gorilla|iPhoneSimulator.Deploy.0 = Gorilla|Any CPU
		{6149767D-253F-4E56-97E9-804E7161B830}.Release|Any CPU.ActiveCfg = Release|Any CPU
		{6149767D-253F-4E56-97E9-804E7161B830}.Release|Any CPU.Build.0 = Release|Any CPU
		{6149767D-253F-4E56-97E9-804E7161B830}.Release|Any CPU.Deploy.0 = Release|Any CPU
		{6149767D-253F-4E56-97E9-804E7161B830}.Release|iPhone.ActiveCfg = Release|Any CPU
		{6149767D-253F-4E56-97E9-804E7161B830}.Release|iPhone.Build.0 = Release|Any CPU
		{6149767D-253F-4E56-97E9-804E7161B830}.Release|iPhone.Deploy.0 = Release|Any CPU
		{6149767D-253F-4E56-97E9-804E7161B830}.Release|iPhoneSimulator.ActiveCfg = Release|Any CPU
		{6149767D-253F-4E56-97E9-804E7161B830}.Release|iPhoneSimulator.Build.0 = Release|Any CPU
		{6149767D-253F-4E56-97E9-804E7161B830}.Release|iPhoneSimulator.Deploy.0 = Release|Any CPU
		{7C223E2B-B270-4D83-867F-DA47968B4F23}.Ad-Hoc|Any CPU.ActiveCfg = Ad-Hoc|iPhone
		{7C223E2B-B270-4D83-867F-DA47968B4F23}.Ad-Hoc|Any CPU.Build.0 = Ad-Hoc|iPhone
		{7C223E2B-B270-4D83-867F-DA47968B4F23}.Ad-Hoc|Any CPU.Deploy.0 = Ad-Hoc|iPhone
		{7C223E2B-B270-4D83-867F-DA47968B4F23}.Ad-Hoc|iPhone.ActiveCfg = Ad-Hoc|iPhone
		{7C223E2B-B270-4D83-867F-DA47968B4F23}.Ad-Hoc|iPhone.Build.0 = Ad-Hoc|iPhone
		{7C223E2B-B270-4D83-867F-DA47968B4F23}.Ad-Hoc|iPhone.Deploy.0 = Ad-Hoc|iPhone
		{7C223E2B-B270-4D83-867F-DA47968B4F23}.Ad-Hoc|iPhoneSimulator.ActiveCfg = Ad-Hoc|iPhoneSimulator
		{7C223E2B-B270-4D83-867F-DA47968B4F23}.Ad-Hoc|iPhoneSimulator.Build.0 = Ad-Hoc|iPhoneSimulator
		{7C223E2B-B270-4D83-867F-DA47968B4F23}.Ad-Hoc|iPhoneSimulator.Deploy.0 = Ad-Hoc|iPhoneSimulator
		{7C223E2B-B270-4D83-867F-DA47968B4F23}.AppStore|Any CPU.ActiveCfg = AppStore|iPhone
		{7C223E2B-B270-4D83-867F-DA47968B4F23}.AppStore|Any CPU.Build.0 = AppStore|iPhone
		{7C223E2B-B270-4D83-867F-DA47968B4F23}.AppStore|Any CPU.Deploy.0 = AppStore|iPhone
		{7C223E2B-B270-4D83-867F-DA47968B4F23}.AppStore|iPhone.ActiveCfg = AppStore|iPhone
		{7C223E2B-B270-4D83-867F-DA47968B4F23}.AppStore|iPhone.Build.0 = AppStore|iPhone
		{7C223E2B-B270-4D83-867F-DA47968B4F23}.AppStore|iPhone.Deploy.0 = AppStore|iPhone
		{7C223E2B-B270-4D83-867F-DA47968B4F23}.AppStore|iPhoneSimulator.ActiveCfg = AppStore|iPhoneSimulator
		{7C223E2B-B270-4D83-867F-DA47968B4F23}.AppStore|iPhoneSimulator.Build.0 = AppStore|iPhoneSimulator
		{7C223E2B-B270-4D83-867F-DA47968B4F23}.AppStore|iPhoneSimulator.Deploy.0 = AppStore|iPhoneSimulator
		{7C223E2B-B270-4D83-867F-DA47968B4F23}.Debug|Any CPU.ActiveCfg = Debug|iPhoneSimulator
		{7C223E2B-B270-4D83-867F-DA47968B4F23}.Debug|Any CPU.Build.0 = Debug|iPhoneSimulator
		{7C223E2B-B270-4D83-867F-DA47968B4F23}.Debug|Any CPU.Deploy.0 = Debug|iPhoneSimulator
		{7C223E2B-B270-4D83-867F-DA47968B4F23}.Debug|iPhone.ActiveCfg = Debug|iPhone
		{7C223E2B-B270-4D83-867F-DA47968B4F23}.Debug|iPhone.Build.0 = Debug|iPhone
		{7C223E2B-B270-4D83-867F-DA47968B4F23}.Debug|iPhone.Deploy.0 = Debug|iPhone
		{7C223E2B-B270-4D83-867F-DA47968B4F23}.Debug|iPhoneSimulator.ActiveCfg = Debug|iPhoneSimulator
		{7C223E2B-B270-4D83-867F-DA47968B4F23}.Debug|iPhoneSimulator.Build.0 = Debug|iPhoneSimulator
		{7C223E2B-B270-4D83-867F-DA47968B4F23}.Debug|iPhoneSimulator.Deploy.0 = Debug|iPhoneSimulator
		{7C223E2B-B270-4D83-867F-DA47968B4F23}.Gorilla|Any CPU.ActiveCfg = Gorilla|iPhone
		{7C223E2B-B270-4D83-867F-DA47968B4F23}.Gorilla|iPhone.ActiveCfg = Gorilla|iPhone
		{7C223E2B-B270-4D83-867F-DA47968B4F23}.Gorilla|iPhone.Build.0 = Gorilla|iPhone
		{7C223E2B-B270-4D83-867F-DA47968B4F23}.Gorilla|iPhoneSimulator.ActiveCfg = Gorilla|iPhoneSimulator
		{7C223E2B-B270-4D83-867F-DA47968B4F23}.Gorilla|iPhoneSimulator.Build.0 = Gorilla|iPhoneSimulator
		{7C223E2B-B270-4D83-867F-DA47968B4F23}.Release|Any CPU.ActiveCfg = Release|iPhone
		{7C223E2B-B270-4D83-867F-DA47968B4F23}.Release|Any CPU.Build.0 = Release|iPhone
		{7C223E2B-B270-4D83-867F-DA47968B4F23}.Release|Any CPU.Deploy.0 = Release|iPhone
		{7C223E2B-B270-4D83-867F-DA47968B4F23}.Release|iPhone.ActiveCfg = Release|iPhone
		{7C223E2B-B270-4D83-867F-DA47968B4F23}.Release|iPhone.Build.0 = Release|iPhone
		{7C223E2B-B270-4D83-867F-DA47968B4F23}.Release|iPhone.Deploy.0 = Release|iPhone
		{7C223E2B-B270-4D83-867F-DA47968B4F23}.Release|iPhoneSimulator.ActiveCfg = Release|iPhoneSimulator
		{7C223E2B-B270-4D83-867F-DA47968B4F23}.Release|iPhoneSimulator.Build.0 = Release|iPhoneSimulator
		{7C223E2B-B270-4D83-867F-DA47968B4F23}.Release|iPhoneSimulator.Deploy.0 = Release|iPhoneSimulator
		{52EDA842-CFEC-4F81-BAC5-D1EDE6F1642D}.Ad-Hoc|Any CPU.ActiveCfg = Debug|Any CPU
		{52EDA842-CFEC-4F81-BAC5-D1EDE6F1642D}.Ad-Hoc|Any CPU.Build.0 = Debug|Any CPU
		{52EDA842-CFEC-4F81-BAC5-D1EDE6F1642D}.Ad-Hoc|Any CPU.Deploy.0 = Debug|Any CPU
		{52EDA842-CFEC-4F81-BAC5-D1EDE6F1642D}.Ad-Hoc|iPhone.ActiveCfg = Debug|Any CPU
		{52EDA842-CFEC-4F81-BAC5-D1EDE6F1642D}.Ad-Hoc|iPhone.Build.0 = Debug|Any CPU
		{52EDA842-CFEC-4F81-BAC5-D1EDE6F1642D}.Ad-Hoc|iPhone.Deploy.0 = Debug|Any CPU
		{52EDA842-CFEC-4F81-BAC5-D1EDE6F1642D}.Ad-Hoc|iPhoneSimulator.ActiveCfg = Debug|Any CPU
		{52EDA842-CFEC-4F81-BAC5-D1EDE6F1642D}.Ad-Hoc|iPhoneSimulator.Build.0 = Debug|Any CPU
		{52EDA842-CFEC-4F81-BAC5-D1EDE6F1642D}.Ad-Hoc|iPhoneSimulator.Deploy.0 = Debug|Any CPU
		{52EDA842-CFEC-4F81-BAC5-D1EDE6F1642D}.AppStore|Any CPU.ActiveCfg = Debug|Any CPU
		{52EDA842-CFEC-4F81-BAC5-D1EDE6F1642D}.AppStore|Any CPU.Build.0 = Debug|Any CPU
		{52EDA842-CFEC-4F81-BAC5-D1EDE6F1642D}.AppStore|Any CPU.Deploy.0 = Debug|Any CPU
		{52EDA842-CFEC-4F81-BAC5-D1EDE6F1642D}.AppStore|iPhone.ActiveCfg = Debug|Any CPU
		{52EDA842-CFEC-4F81-BAC5-D1EDE6F1642D}.AppStore|iPhone.Build.0 = Debug|Any CPU
		{52EDA842-CFEC-4F81-BAC5-D1EDE6F1642D}.AppStore|iPhone.Deploy.0 = Debug|Any CPU
		{52EDA842-CFEC-4F81-BAC5-D1EDE6F1642D}.AppStore|iPhoneSimulator.ActiveCfg = Debug|Any CPU
		{52EDA842-CFEC-4F81-BAC5-D1EDE6F1642D}.AppStore|iPhoneSimulator.Build.0 = Debug|Any CPU
		{52EDA842-CFEC-4F81-BAC5-D1EDE6F1642D}.AppStore|iPhoneSimulator.Deploy.0 = Debug|Any CPU
		{52EDA842-CFEC-4F81-BAC5-D1EDE6F1642D}.Debug|Any CPU.ActiveCfg = Debug|Any CPU
		{52EDA842-CFEC-4F81-BAC5-D1EDE6F1642D}.Debug|Any CPU.Build.0 = Debug|Any CPU
		{52EDA842-CFEC-4F81-BAC5-D1EDE6F1642D}.Debug|Any CPU.Deploy.0 = Debug|Any CPU
		{52EDA842-CFEC-4F81-BAC5-D1EDE6F1642D}.Debug|iPhone.ActiveCfg = Debug|Any CPU
		{52EDA842-CFEC-4F81-BAC5-D1EDE6F1642D}.Debug|iPhone.Build.0 = Debug|Any CPU
		{52EDA842-CFEC-4F81-BAC5-D1EDE6F1642D}.Debug|iPhone.Deploy.0 = Debug|Any CPU
		{52EDA842-CFEC-4F81-BAC5-D1EDE6F1642D}.Debug|iPhoneSimulator.ActiveCfg = Debug|Any CPU
		{52EDA842-CFEC-4F81-BAC5-D1EDE6F1642D}.Debug|iPhoneSimulator.Build.0 = Debug|Any CPU
		{52EDA842-CFEC-4F81-BAC5-D1EDE6F1642D}.Debug|iPhoneSimulator.Deploy.0 = Debug|Any CPU
		{52EDA842-CFEC-4F81-BAC5-D1EDE6F1642D}.Gorilla|Any CPU.ActiveCfg = Gorilla|Any CPU
		{52EDA842-CFEC-4F81-BAC5-D1EDE6F1642D}.Gorilla|Any CPU.Build.0 = Gorilla|Any CPU
		{52EDA842-CFEC-4F81-BAC5-D1EDE6F1642D}.Gorilla|iPhone.ActiveCfg = Gorilla|Any CPU
		{52EDA842-CFEC-4F81-BAC5-D1EDE6F1642D}.Gorilla|iPhone.Build.0 = Gorilla|Any CPU
		{52EDA842-CFEC-4F81-BAC5-D1EDE6F1642D}.Gorilla|iPhoneSimulator.ActiveCfg = Gorilla|Any CPU
		{52EDA842-CFEC-4F81-BAC5-D1EDE6F1642D}.Gorilla|iPhoneSimulator.Build.0 = Gorilla|Any CPU
		{52EDA842-CFEC-4F81-BAC5-D1EDE6F1642D}.Release|Any CPU.ActiveCfg = Release|Any CPU
		{52EDA842-CFEC-4F81-BAC5-D1EDE6F1642D}.Release|Any CPU.Build.0 = Release|Any CPU
		{52EDA842-CFEC-4F81-BAC5-D1EDE6F1642D}.Release|Any CPU.Deploy.0 = Release|Any CPU
		{52EDA842-CFEC-4F81-BAC5-D1EDE6F1642D}.Release|iPhone.ActiveCfg = Release|Any CPU
		{52EDA842-CFEC-4F81-BAC5-D1EDE6F1642D}.Release|iPhone.Build.0 = Release|Any CPU
		{52EDA842-CFEC-4F81-BAC5-D1EDE6F1642D}.Release|iPhone.Deploy.0 = Release|Any CPU
		{52EDA842-CFEC-4F81-BAC5-D1EDE6F1642D}.Release|iPhoneSimulator.ActiveCfg = Release|Any CPU
		{52EDA842-CFEC-4F81-BAC5-D1EDE6F1642D}.Release|iPhoneSimulator.Build.0 = Release|Any CPU
		{52EDA842-CFEC-4F81-BAC5-D1EDE6F1642D}.Release|iPhoneSimulator.Deploy.0 = Release|Any CPU
		{EDCF923C-E5E7-4F53-8FB7-9B3DAC53129A}.Ad-Hoc|Any CPU.ActiveCfg = Debug|Any CPU
		{EDCF923C-E5E7-4F53-8FB7-9B3DAC53129A}.Ad-Hoc|Any CPU.Build.0 = Debug|Any CPU
		{EDCF923C-E5E7-4F53-8FB7-9B3DAC53129A}.Ad-Hoc|iPhone.ActiveCfg = Debug|Any CPU
		{EDCF923C-E5E7-4F53-8FB7-9B3DAC53129A}.Ad-Hoc|iPhone.Build.0 = Debug|Any CPU
		{EDCF923C-E5E7-4F53-8FB7-9B3DAC53129A}.Ad-Hoc|iPhoneSimulator.ActiveCfg = Debug|Any CPU
		{EDCF923C-E5E7-4F53-8FB7-9B3DAC53129A}.Ad-Hoc|iPhoneSimulator.Build.0 = Debug|Any CPU
		{EDCF923C-E5E7-4F53-8FB7-9B3DAC53129A}.AppStore|Any CPU.ActiveCfg = Debug|Any CPU
		{EDCF923C-E5E7-4F53-8FB7-9B3DAC53129A}.AppStore|Any CPU.Build.0 = Debug|Any CPU
		{EDCF923C-E5E7-4F53-8FB7-9B3DAC53129A}.AppStore|iPhone.ActiveCfg = Debug|Any CPU
		{EDCF923C-E5E7-4F53-8FB7-9B3DAC53129A}.AppStore|iPhone.Build.0 = Debug|Any CPU
		{EDCF923C-E5E7-4F53-8FB7-9B3DAC53129A}.AppStore|iPhoneSimulator.ActiveCfg = Debug|Any CPU
		{EDCF923C-E5E7-4F53-8FB7-9B3DAC53129A}.AppStore|iPhoneSimulator.Build.0 = Debug|Any CPU
		{EDCF923C-E5E7-4F53-8FB7-9B3DAC53129A}.Debug|Any CPU.ActiveCfg = Debug|Any CPU
		{EDCF923C-E5E7-4F53-8FB7-9B3DAC53129A}.Debug|Any CPU.Build.0 = Debug|Any CPU
		{EDCF923C-E5E7-4F53-8FB7-9B3DAC53129A}.Debug|iPhone.ActiveCfg = Debug|Any CPU
		{EDCF923C-E5E7-4F53-8FB7-9B3DAC53129A}.Debug|iPhone.Build.0 = Debug|Any CPU
		{EDCF923C-E5E7-4F53-8FB7-9B3DAC53129A}.Debug|iPhoneSimulator.ActiveCfg = Debug|Any CPU
		{EDCF923C-E5E7-4F53-8FB7-9B3DAC53129A}.Debug|iPhoneSimulator.Build.0 = Debug|Any CPU
		{EDCF923C-E5E7-4F53-8FB7-9B3DAC53129A}.Gorilla|Any CPU.ActiveCfg = Debug|Any CPU
		{EDCF923C-E5E7-4F53-8FB7-9B3DAC53129A}.Gorilla|Any CPU.Build.0 = Debug|Any CPU
		{EDCF923C-E5E7-4F53-8FB7-9B3DAC53129A}.Gorilla|iPhone.ActiveCfg = Debug|Any CPU
		{EDCF923C-E5E7-4F53-8FB7-9B3DAC53129A}.Gorilla|iPhone.Build.0 = Debug|Any CPU
		{EDCF923C-E5E7-4F53-8FB7-9B3DAC53129A}.Gorilla|iPhoneSimulator.ActiveCfg = Debug|Any CPU
		{EDCF923C-E5E7-4F53-8FB7-9B3DAC53129A}.Gorilla|iPhoneSimulator.Build.0 = Debug|Any CPU
		{EDCF923C-E5E7-4F53-8FB7-9B3DAC53129A}.Release|Any CPU.ActiveCfg = Release|Any CPU
		{EDCF923C-E5E7-4F53-8FB7-9B3DAC53129A}.Release|Any CPU.Build.0 = Release|Any CPU
		{EDCF923C-E5E7-4F53-8FB7-9B3DAC53129A}.Release|iPhone.ActiveCfg = Release|Any CPU
		{EDCF923C-E5E7-4F53-8FB7-9B3DAC53129A}.Release|iPhone.Build.0 = Release|Any CPU
		{EDCF923C-E5E7-4F53-8FB7-9B3DAC53129A}.Release|iPhoneSimulator.ActiveCfg = Release|Any CPU
		{EDCF923C-E5E7-4F53-8FB7-9B3DAC53129A}.Release|iPhoneSimulator.Build.0 = Release|Any CPU
	EndGlobalSection
	GlobalSection(SolutionProperties) = preSolution
		HideSolutionNode = FALSE
	EndGlobalSection
	GlobalSection(ExtensibilityGlobals) = postSolution
		SolutionGuid = {37DC20E3-E6A7-471E-9871-80849842790B}
	EndGlobalSection
EndGlobal
